// !$*UTF8*$!
{
	archiveVersion = 1;
	classes = {
	};
	objectVersion = 52;
	objects = {

/* Begin PBXBuildFile section */
		407237682482DCB900D327B1 /* AppDelegate.swift in Sources */ = {isa = PBXBuildFile; fileRef = 407237672482DCB900D327B1 /* AppDelegate.swift */; };
		4072376A2482DCB900D327B1 /* SceneDelegate.swift in Sources */ = {isa = PBXBuildFile; fileRef = 407237692482DCB900D327B1 /* SceneDelegate.swift */; };
		4072376C2482DCB900D327B1 /* ContentView.swift in Sources */ = {isa = PBXBuildFile; fileRef = 4072376B2482DCB900D327B1 /* ContentView.swift */; };
		4072376E2482DCB900D327B1 /* Assets.xcassets in Resources */ = {isa = PBXBuildFile; fileRef = 4072376D2482DCB900D327B1 /* Assets.xcassets */; };
		407237712482DCB900D327B1 /* Preview Assets.xcassets in Resources */ = {isa = PBXBuildFile; fileRef = 407237702482DCB900D327B1 /* Preview Assets.xcassets */; };
		407237742482DCB900D327B1 /* LaunchScreen.storyboard in Resources */ = {isa = PBXBuildFile; fileRef = 407237722482DCB900D327B1 /* LaunchScreen.storyboard */; };
		407237812482DD2A00D327B1 /* GermanLaws in Frameworks */ = {isa = PBXBuildFile; productRef = 407237802482DD2A00D327B1 /* GermanLaws */; };
		40A350852483CBF700CFB529 /* LawTextView in Frameworks */ = {isa = PBXBuildFile; productRef = 40A350842483CBF700CFB529 /* LawTextView */; };
		40A3508724845D4F00CFB529 /* LawBookList.swift in Sources */ = {isa = PBXBuildFile; fileRef = 40A3508624845D4F00CFB529 /* LawBookList.swift */; };
		40A350892484620700CFB529 /* LawBookSectionList.swift in Sources */ = {isa = PBXBuildFile; fileRef = 40A350882484620700CFB529 /* LawBookSectionList.swift */; };
/* End PBXBuildFile section */

/* Begin PBXFileReference section */
		407237642482DCB900D327B1 /* GermanLawsApp.app */ = {isa = PBXFileReference; explicitFileType = wrapper.application; includeInIndex = 0; path = GermanLawsApp.app; sourceTree = BUILT_PRODUCTS_DIR; };
		407237672482DCB900D327B1 /* AppDelegate.swift */ = {isa = PBXFileReference; lastKnownFileType = sourcecode.swift; path = AppDelegate.swift; sourceTree = "<group>"; };
		407237692482DCB900D327B1 /* SceneDelegate.swift */ = {isa = PBXFileReference; lastKnownFileType = sourcecode.swift; path = SceneDelegate.swift; sourceTree = "<group>"; };
		4072376B2482DCB900D327B1 /* ContentView.swift */ = {isa = PBXFileReference; lastKnownFileType = sourcecode.swift; path = ContentView.swift; sourceTree = "<group>"; };
		4072376D2482DCB900D327B1 /* Assets.xcassets */ = {isa = PBXFileReference; lastKnownFileType = folder.assetcatalog; path = Assets.xcassets; sourceTree = "<group>"; };
		407237702482DCB900D327B1 /* Preview Assets.xcassets */ = {isa = PBXFileReference; lastKnownFileType = folder.assetcatalog; path = "Preview Assets.xcassets"; sourceTree = "<group>"; };
		407237732482DCB900D327B1 /* Base */ = {isa = PBXFileReference; lastKnownFileType = file.storyboard; name = Base; path = Base.lproj/LaunchScreen.storyboard; sourceTree = "<group>"; };
		407237752482DCB900D327B1 /* Info.plist */ = {isa = PBXFileReference; lastKnownFileType = text.plist.xml; path = Info.plist; sourceTree = "<group>"; };
		4072377B2482DCD300D327B1 /* GermanLawsApp.entitlements */ = {isa = PBXFileReference; lastKnownFileType = text.plist.entitlements; path = GermanLawsApp.entitlements; sourceTree = "<group>"; };
		4072377C2482DCFA00D327B1 /* GermanLaws */ = {isa = PBXFileReference; lastKnownFileType = folder; path = GermanLaws; sourceTree = "<group>"; };
		40A3508624845D4F00CFB529 /* LawBookList.swift */ = {isa = PBXFileReference; lastKnownFileType = sourcecode.swift; path = LawBookList.swift; sourceTree = "<group>"; };
		40A350882484620700CFB529 /* LawBookSectionList.swift */ = {isa = PBXFileReference; lastKnownFileType = sourcecode.swift; path = LawBookSectionList.swift; sourceTree = "<group>"; };
/* End PBXFileReference section */

/* Begin PBXFrameworksBuildPhase section */
		407237612482DCB900D327B1 /* Frameworks */ = {
			isa = PBXFrameworksBuildPhase;
			buildActionMask = 2147483647;
			files = (
				407237812482DD2A00D327B1 /* GermanLaws in Frameworks */,
				40A350852483CBF700CFB529 /* LawTextView in Frameworks */,
			);
			runOnlyForDeploymentPostprocessing = 0;
		};
/* End PBXFrameworksBuildPhase section */

/* Begin PBXGroup section */
		4072375B2482DCB900D327B1 = {
			isa = PBXGroup;
			children = (
				407237662482DCB900D327B1 /* GermanLawsApp */,
				4072377C2482DCFA00D327B1 /* GermanLaws */,
				407237652482DCB900D327B1 /* Products */,
				4072377F2482DD2A00D327B1 /* Frameworks */,
			);
			sourceTree = "<group>";
		};
		407237652482DCB900D327B1 /* Products */ = {
			isa = PBXGroup;
			children = (
				407237642482DCB900D327B1 /* GermanLawsApp.app */,
			);
			name = Products;
			sourceTree = "<group>";
		};
		407237662482DCB900D327B1 /* GermanLawsApp */ = {
			isa = PBXGroup;
			children = (
				4072377B2482DCD300D327B1 /* GermanLawsApp.entitlements */,
				407237672482DCB900D327B1 /* AppDelegate.swift */,
				407237692482DCB900D327B1 /* SceneDelegate.swift */,
				4072376B2482DCB900D327B1 /* ContentView.swift */,
				40A3508624845D4F00CFB529 /* LawBookList.swift */,
				40A350882484620700CFB529 /* LawBookSectionList.swift */,
				4072376D2482DCB900D327B1 /* Assets.xcassets */,
				407237722482DCB900D327B1 /* LaunchScreen.storyboard */,
				407237752482DCB900D327B1 /* Info.plist */,
				4072376F2482DCB900D327B1 /* Preview Content */,
			);
			path = GermanLawsApp;
			sourceTree = "<group>";
		};
		4072376F2482DCB900D327B1 /* Preview Content */ = {
			isa = PBXGroup;
			children = (
				407237702482DCB900D327B1 /* Preview Assets.xcassets */,
			);
			path = "Preview Content";
			sourceTree = "<group>";
		};
		4072377F2482DD2A00D327B1 /* Frameworks */ = {
			isa = PBXGroup;
			children = (
			);
			name = Frameworks;
			sourceTree = "<group>";
		};
/* End PBXGroup section */

/* Begin PBXNativeTarget section */
		407237632482DCB900D327B1 /* GermanLawsApp */ = {
			isa = PBXNativeTarget;
			buildConfigurationList = 407237782482DCB900D327B1 /* Build configuration list for PBXNativeTarget "GermanLawsApp" */;
			buildPhases = (
				407237602482DCB900D327B1 /* Sources */,
				407237612482DCB900D327B1 /* Frameworks */,
				407237622482DCB900D327B1 /* Resources */,
				40A350812483003D00CFB529 /* Swiftlint */,
			);
			buildRules = (
			);
			dependencies = (
				40A350832483CBF100CFB529 /* PBXTargetDependency */,
				4072377E2482DD2100D327B1 /* PBXTargetDependency */,
			);
			name = GermanLawsApp;
			packageProductDependencies = (
				407237802482DD2A00D327B1 /* GermanLaws */,
				40A350842483CBF700CFB529 /* LawTextView */,
			);
			productName = GermanLawsApp;
			productReference = 407237642482DCB900D327B1 /* GermanLawsApp.app */;
			productType = "com.apple.product-type.application";
		};
/* End PBXNativeTarget section */

/* Begin PBXProject section */
		4072375C2482DCB900D327B1 /* Project object */ = {
			isa = PBXProject;
			attributes = {
				LastSwiftUpdateCheck = 1150;
				LastUpgradeCheck = 1150;
				ORGANIZATIONNAME = "Noah Peeters";
				TargetAttributes = {
					407237632482DCB900D327B1 = {
						CreatedOnToolsVersion = 11.5;
					};
				};
			};
			buildConfigurationList = 4072375F2482DCB900D327B1 /* Build configuration list for PBXProject "GermanLaws" */;
			compatibilityVersion = "Xcode 9.3";
			developmentRegion = en;
			hasScannedForEncodings = 0;
			knownRegions = (
				en,
				Base,
			);
			mainGroup = 4072375B2482DCB900D327B1;
			productRefGroup = 407237652482DCB900D327B1 /* Products */;
			projectDirPath = "";
			projectRoot = "";
			targets = (
				407237632482DCB900D327B1 /* GermanLawsApp */,
			);
		};
/* End PBXProject section */

/* Begin PBXResourcesBuildPhase section */
		407237622482DCB900D327B1 /* Resources */ = {
			isa = PBXResourcesBuildPhase;
			buildActionMask = 2147483647;
			files = (
				407237742482DCB900D327B1 /* LaunchScreen.storyboard in Resources */,
				407237712482DCB900D327B1 /* Preview Assets.xcassets in Resources */,
				4072376E2482DCB900D327B1 /* Assets.xcassets in Resources */,
			);
			runOnlyForDeploymentPostprocessing = 0;
		};
/* End PBXResourcesBuildPhase section */

/* Begin PBXShellScriptBuildPhase section */
		40A350812483003D00CFB529 /* Swiftlint */ = {
			isa = PBXShellScriptBuildPhase;
			buildActionMask = 2147483647;
			files = (
			);
			inputFileListPaths = (
			);
			inputPaths = (
			);
			name = Swiftlint;
			outputFileListPaths = (
			);
			outputPaths = (
			);
			runOnlyForDeploymentPostprocessing = 0;
			shellPath = /bin/sh;
			shellScript = "if which swiftlint >/dev/null; then\n  swiftlint\nelse\n  echo \"error: SwiftLint not installed, download from https://github.com/realm/SwiftLint\"\nfi\n";
		};
/* End PBXShellScriptBuildPhase section */

/* Begin PBXSourcesBuildPhase section */
		407237602482DCB900D327B1 /* Sources */ = {
			isa = PBXSourcesBuildPhase;
			buildActionMask = 2147483647;
			files = (
				407237682482DCB900D327B1 /* AppDelegate.swift in Sources */,
				4072376A2482DCB900D327B1 /* SceneDelegate.swift in Sources */,
				4072376C2482DCB900D327B1 /* ContentView.swift in Sources */,
				40A3508724845D4F00CFB529 /* LawBookList.swift in Sources */,
				40A350892484620700CFB529 /* LawBookSectionList.swift in Sources */,
			);
			runOnlyForDeploymentPostprocessing = 0;
		};
/* End PBXSourcesBuildPhase section */

/* Begin PBXTargetDependency section */
		4072377E2482DD2100D327B1 /* PBXTargetDependency */ = {
			isa = PBXTargetDependency;
			productRef = 4072377D2482DD2100D327B1 /* GermanLaws */;
		};
		40A350832483CBF100CFB529 /* PBXTargetDependency */ = {
			isa = PBXTargetDependency;
			productRef = 40A350822483CBF100CFB529 /* LawTextView */;
		};
/* End PBXTargetDependency section */

/* Begin PBXVariantGroup section */
		407237722482DCB900D327B1 /* LaunchScreen.storyboard */ = {
			isa = PBXVariantGroup;
			children = (
				407237732482DCB900D327B1 /* Base */,
			);
			name = LaunchScreen.storyboard;
			sourceTree = "<group>";
		};
/* End PBXVariantGroup section */

/* Begin XCBuildConfiguration section */
		407237762482DCB900D327B1 /* Debug */ = {
			isa = XCBuildConfiguration;
			buildSettings = {
				ALWAYS_SEARCH_USER_PATHS = NO;
				CLANG_ANALYZER_NONNULL = YES;
				CLANG_ANALYZER_NUMBER_OBJECT_CONVERSION = YES_AGGRESSIVE;
				CLANG_CXX_LANGUAGE_STANDARD = "gnu++14";
				CLANG_CXX_LIBRARY = "libc++";
				CLANG_ENABLE_MODULES = YES;
				CLANG_ENABLE_OBJC_ARC = YES;
				CLANG_ENABLE_OBJC_WEAK = YES;
				CLANG_WARN_BLOCK_CAPTURE_AUTORELEASING = YES;
				CLANG_WARN_BOOL_CONVERSION = YES;
				CLANG_WARN_COMMA = YES;
				CLANG_WARN_CONSTANT_CONVERSION = YES;
				CLANG_WARN_DEPRECATED_OBJC_IMPLEMENTATIONS = YES;
				CLANG_WARN_DIRECT_OBJC_ISA_USAGE = YES_ERROR;
				CLANG_WARN_DOCUMENTATION_COMMENTS = YES;
				CLANG_WARN_EMPTY_BODY = YES;
				CLANG_WARN_ENUM_CONVERSION = YES;
				CLANG_WARN_INFINITE_RECURSION = YES;
				CLANG_WARN_INT_CONVERSION = YES;
				CLANG_WARN_NON_LITERAL_NULL_CONVERSION = YES;
				CLANG_WARN_OBJC_IMPLICIT_RETAIN_SELF = YES;
				CLANG_WARN_OBJC_LITERAL_CONVERSION = YES;
				CLANG_WARN_OBJC_ROOT_CLASS = YES_ERROR;
				CLANG_WARN_RANGE_LOOP_ANALYSIS = YES;
				CLANG_WARN_STRICT_PROTOTYPES = YES;
				CLANG_WARN_SUSPICIOUS_MOVE = YES;
				CLANG_WARN_UNGUARDED_AVAILABILITY = YES_AGGRESSIVE;
				CLANG_WARN_UNREACHABLE_CODE = YES;
				CLANG_WARN__DUPLICATE_METHOD_MATCH = YES;
				COPY_PHASE_STRIP = NO;
				DEBUG_INFORMATION_FORMAT = dwarf;
				ENABLE_STRICT_OBJC_MSGSEND = YES;
				ENABLE_TESTABILITY = YES;
				GCC_C_LANGUAGE_STANDARD = gnu11;
				GCC_DYNAMIC_NO_PIC = NO;
				GCC_NO_COMMON_BLOCKS = YES;
				GCC_OPTIMIZATION_LEVEL = 0;
				GCC_PREPROCESSOR_DEFINITIONS = (
					"DEBUG=1",
					"$(inherited)",
				);
				GCC_WARN_64_TO_32_BIT_CONVERSION = YES;
				GCC_WARN_ABOUT_RETURN_TYPE = YES_ERROR;
				GCC_WARN_UNDECLARED_SELECTOR = YES;
				GCC_WARN_UNINITIALIZED_AUTOS = YES_AGGRESSIVE;
				GCC_WARN_UNUSED_FUNCTION = YES;
				GCC_WARN_UNUSED_VARIABLE = YES;
				IPHONEOS_DEPLOYMENT_TARGET = 13.5;
				MTL_ENABLE_DEBUG_INFO = INCLUDE_SOURCE;
				MTL_FAST_MATH = YES;
				ONLY_ACTIVE_ARCH = YES;
				SDKROOT = iphoneos;
				SWIFT_ACTIVE_COMPILATION_CONDITIONS = DEBUG;
				SWIFT_OPTIMIZATION_LEVEL = "-Onone";
			};
			name = Debug;
		};
		407237772482DCB900D327B1 /* Release */ = {
			isa = XCBuildConfiguration;
			buildSettings = {
				ALWAYS_SEARCH_USER_PATHS = NO;
				CLANG_ANALYZER_NONNULL = YES;
				CLANG_ANALYZER_NUMBER_OBJECT_CONVERSION = YES_AGGRESSIVE;
				CLANG_CXX_LANGUAGE_STANDARD = "gnu++14";
				CLANG_CXX_LIBRARY = "libc++";
				CLANG_ENABLE_MODULES = YES;
				CLANG_ENABLE_OBJC_ARC = YES;
				CLANG_ENABLE_OBJC_WEAK = YES;
				CLANG_WARN_BLOCK_CAPTURE_AUTORELEASING = YES;
				CLANG_WARN_BOOL_CONVERSION = YES;
				CLANG_WARN_COMMA = YES;
				CLANG_WARN_CONSTANT_CONVERSION = YES;
				CLANG_WARN_DEPRECATED_OBJC_IMPLEMENTATIONS = YES;
				CLANG_WARN_DIRECT_OBJC_ISA_USAGE = YES_ERROR;
				CLANG_WARN_DOCUMENTATION_COMMENTS = YES;
				CLANG_WARN_EMPTY_BODY = YES;
				CLANG_WARN_ENUM_CONVERSION = YES;
				CLANG_WARN_INFINITE_RECURSION = YES;
				CLANG_WARN_INT_CONVERSION = YES;
				CLANG_WARN_NON_LITERAL_NULL_CONVERSION = YES;
				CLANG_WARN_OBJC_IMPLICIT_RETAIN_SELF = YES;
				CLANG_WARN_OBJC_LITERAL_CONVERSION = YES;
				CLANG_WARN_OBJC_ROOT_CLASS = YES_ERROR;
				CLANG_WARN_RANGE_LOOP_ANALYSIS = YES;
				CLANG_WARN_STRICT_PROTOTYPES = YES;
				CLANG_WARN_SUSPICIOUS_MOVE = YES;
				CLANG_WARN_UNGUARDED_AVAILABILITY = YES_AGGRESSIVE;
				CLANG_WARN_UNREACHABLE_CODE = YES;
				CLANG_WARN__DUPLICATE_METHOD_MATCH = YES;
				COPY_PHASE_STRIP = NO;
				DEBUG_INFORMATION_FORMAT = "dwarf-with-dsym";
				ENABLE_NS_ASSERTIONS = NO;
				ENABLE_STRICT_OBJC_MSGSEND = YES;
				GCC_C_LANGUAGE_STANDARD = gnu11;
				GCC_NO_COMMON_BLOCKS = YES;
				GCC_WARN_64_TO_32_BIT_CONVERSION = YES;
				GCC_WARN_ABOUT_RETURN_TYPE = YES_ERROR;
				GCC_WARN_UNDECLARED_SELECTOR = YES;
				GCC_WARN_UNINITIALIZED_AUTOS = YES_AGGRESSIVE;
				GCC_WARN_UNUSED_FUNCTION = YES;
				GCC_WARN_UNUSED_VARIABLE = YES;
				IPHONEOS_DEPLOYMENT_TARGET = 13.5;
				MTL_ENABLE_DEBUG_INFO = NO;
				MTL_FAST_MATH = YES;
				SDKROOT = iphoneos;
				SWIFT_COMPILATION_MODE = wholemodule;
				SWIFT_OPTIMIZATION_LEVEL = "-O";
				VALIDATE_PRODUCT = YES;
			};
			name = Release;
		};
		407237792482DCB900D327B1 /* Debug */ = {
			isa = XCBuildConfiguration;
			buildSettings = {
				ASSETCATALOG_COMPILER_APPICON_NAME = AppIcon;
				CODE_SIGN_ENTITLEMENTS = GermanLawsApp/GermanLawsApp.entitlements;
				CODE_SIGN_STYLE = Automatic;
				DEVELOPMENT_ASSET_PATHS = "\"GermanLawsApp/Preview Content\"";
				DEVELOPMENT_TEAM = 52A793VRAY;
				ENABLE_PREVIEWS = YES;
				INFOPLIST_FILE = GermanLawsApp/Info.plist;
				IPHONEOS_DEPLOYMENT_TARGET = 13.4;
				LD_RUNPATH_SEARCH_PATHS = (
					"$(inherited)",
					"@executable_path/Frameworks",
				);
				PRODUCT_BUNDLE_IDENTIFIER = de.noahpeeters.GermanLawsApp;
				PRODUCT_NAME = "$(TARGET_NAME)";
				SUPPORTS_MACCATALYST = YES;
				SWIFT_VERSION = 5.0;
				TARGETED_DEVICE_FAMILY = "1,2";
			};
			name = Debug;
		};
		4072377A2482DCB900D327B1 /* Release */ = {
			isa = XCBuildConfiguration;
			buildSettings = {
				ASSETCATALOG_COMPILER_APPICON_NAME = AppIcon;
				CODE_SIGN_ENTITLEMENTS = GermanLawsApp/GermanLawsApp.entitlements;
				CODE_SIGN_STYLE = Automatic;
				DEVELOPMENT_ASSET_PATHS = "\"GermanLawsApp/Preview Content\"";
				DEVELOPMENT_TEAM = 52A793VRAY;
				ENABLE_PREVIEWS = YES;
				INFOPLIST_FILE = GermanLawsApp/Info.plist;
				IPHONEOS_DEPLOYMENT_TARGET = 13.4;
				LD_RUNPATH_SEARCH_PATHS = (
					"$(inherited)",
					"@executable_path/Frameworks",
				);
				PRODUCT_BUNDLE_IDENTIFIER = de.noahpeeters.GermanLawsApp;
				PRODUCT_NAME = "$(TARGET_NAME)";
				SUPPORTS_MACCATALYST = YES;
				SWIFT_VERSION = 5.0;
				TARGETED_DEVICE_FAMILY = "1,2";
			};
			name = Release;
		};
/* End XCBuildConfiguration section */

/* Begin XCConfigurationList section */
		4072375F2482DCB900D327B1 /* Build configuration list for PBXProject "GermanLaws" */ = {
			isa = XCConfigurationList;
			buildConfigurations = (
				407237762482DCB900D327B1 /* Debug */,
				407237772482DCB900D327B1 /* Release */,
			);
			defaultConfigurationIsVisible = 0;
			defaultConfigurationName = Release;
		};
		407237782482DCB900D327B1 /* Build configuration list for PBXNativeTarget "GermanLawsApp" */ = {
			isa = XCConfigurationList;
			buildConfigurations = (
				407237792482DCB900D327B1 /* Debug */,
				4072377A2482DCB900D327B1 /* Release */,
			);
			defaultConfigurationIsVisible = 0;
			defaultConfigurationName = Release;
		};
/* End XCConfigurationList section */

/* Begin XCSwiftPackageProductDependency section */
		4072377D2482DD2100D327B1 /* GermanLaws */ = {
			isa = XCSwiftPackageProductDependency;
			productName = GermanLaws;
		};
		407237802482DD2A00D327B1 /* GermanLaws */ = {
			isa = XCSwiftPackageProductDependency;
			productName = GermanLaws;
		};
		40A350822483CBF100CFB529 /* LawTextView */ = {
			isa = XCSwiftPackageProductDependency;
			productName = LawTextView;
		};
		40A350842483CBF700CFB529 /* LawTextView */ = {
			isa = XCSwiftPackageProductDependency;
			productName = LawTextView;
		};
/* End XCSwiftPackageProductDependency section */
	};
	rootObject = 4072375C2482DCB900D327B1 /* Project object */;
}
